
Microsoft Visual Studio Solution File, Format Version 12.00
# Visual Studio 2013
VisualStudioVersion = 12.0.21005.1
MinimumVisualStudioVersion = 10.0.40219.1
Project("{FAE04EC0-301F-11D3-BF4B-00C04F79EFBC}") = "Buoi2", "Buoi2\Buoi2.csproj", "{9A97BF76-23AF-4CF9-AE84-B0FB269BE7A0}"
EndProject
Project("{FAE04EC0-301F-11D3-BF4B-00C04F79EFBC}") = "MergeSort", "MergeSort\MergeSort.csproj", "{8BE3A86F-938F-4E1B-BE31-F4CD787B2D65}"
EndProject
Project("{FAE04EC0-301F-11D3-BF4B-00C04F79EFBC}") = "nhan2songuyen", "nhan2songuyen\nhan2songuyen.csproj", "{492EED3E-0F51-45DC-BBCA-FBDB94D4B7D2}"
EndProject
Global
	GlobalSection(SolutionConfigurationPlatforms) = preSolution
		Debug|Any CPU = Debug|Any CPU
		Release|Any CPU = Release|Any CPU
	EndGlobalSection
	GlobalSection(ProjectConfigurationPlatforms) = postSolution
		{9A97BF76-23AF-4CF9-AE84-B0FB269BE7A0}.Debug|Any CPU.ActiveCfg = Debug|Any CPU
		{9A97BF76-23AF-4CF9-AE84-B0FB269BE7A0}.Debug|Any CPU.Build.0 = Debug|Any CPU
		{9A97BF76-23AF-4CF9-AE84-B0FB269BE7A0}.Release|Any CPU.ActiveCfg = Release|Any CPU
		{9A97BF76-23AF-4CF9-AE84-B0FB269BE7A0}.Release|Any CPU.Build.0 = Release|Any CPU
		{8BE3A86F-938F-4E1B-BE31-F4CD787B2D65}.Debug|Any CPU.ActiveCfg = Debug|Any CPU
		{8BE3A86F-938F-4E1B-BE31-F4CD787B2D65}.Debug|Any CPU.Build.0 = Debug|Any CPU
		{8BE3A86F-938F-4E1B-BE31-F4CD787B2D65}.Release|Any CPU.ActiveCfg = Release|Any CPU
		{8BE3A86F-938F-4E1B-BE31-F4CD787B2D65}.Release|Any CPU.Build.0 = Release|Any CPU
		{492EED3E-0F51-45DC-BBCA-FBDB94D4B7D2}.Debug|Any CPU.ActiveCfg = Debug|Any CPU
		{492EED3E-0F51-45DC-BBCA-FBDB94D4B7D2}.Debug|Any CPU.Build.0 = Debug|Any CPU
		{492EED3E-0F51-45DC-BBCA-FBDB94D4B7D2}.Release|Any CPU.ActiveCfg = Release|Any CPU
		{492EED3E-0F51-45DC-BBCA-FBDB94D4B7D2}.Release|Any CPU.Build.0 = Release|Any CPU
	EndGlobalSection
	GlobalSection(SolutionProperties) = preSolution
		HideSolutionNode = FALSE
	EndGlobalSection
EndGlobal
